
Microsoft Visual Studio Solution File, Format Version 12.00
# Visual Studio Version 17
VisualStudioVersion = 17.7.34031.279
MinimumVisualStudioVersion = 10.0.40219.1
Project("{2150E333-8FDC-42A3-9474-1A3956D46DE8}") = "src", "src", "{675717D9-136E-4D9B-821E-6F3816FBCAA1}"
EndProject
Project("{2150E333-8FDC-42A3-9474-1A3956D46DE8}") = "Data", "Data", "{A0A1B29A-2DC2-43FB-9805-8F928436A31C}"
EndProject
Project("{2150E333-8FDC-42A3-9474-1A3956D46DE8}") = "UI", "UI", "{2A7E50AF-7A8E-4345-8DE8-1F893162181F}"
EndProject
Project("{9A19103F-16F7-4668-BE54-9A1E7A4F7556}") = "PandaPe.Data.Application", "PandaPe.Data.Application\PandaPe.Data.Application.csproj", "{F5ECB14F-1394-4EF8-A276-A00553E28714}"
EndProject
Project("{9A19103F-16F7-4668-BE54-9A1E7A4F7556}") = "PandaPe.Data.DataAccess", "PandaPe.Data.DataAccess\PandaPe.Data.DataAccess.csproj", "{912220C4-45EB-47A4-A104-152F0815BF43}"
EndProject
Project("{9A19103F-16F7-4668-BE54-9A1E7A4F7556}") = "PandaPe.Data.Models", "PandaPe.Data.Models\PandaPe.Data.Models.csproj", "{258AA0B5-8A34-4B90-8813-FCD1C7424B0E}"
EndProject
Project("{FAE04EC0-301F-11D3-BF4B-00C04F79EFBC}") = "PandaPe.UI.Server", "PandaPe.UI\Server\PandaPe.UI.Server.csproj", "{10D59F0F-4589-4133-A061-D91CFE018152}"
EndProject
Project("{FAE04EC0-301F-11D3-BF4B-00C04F79EFBC}") = "PandaPe.UI.Client", "PandaPe.UI\Client\PandaPe.UI.Client.csproj", "{0CA957EC-DD56-4E4B-B081-FF91F77FB511}"
EndProject
Project("{FAE04EC0-301F-11D3-BF4B-00C04F79EFBC}") = "PandaPe.UI.Shared", "PandaPe.UI\Shared\PandaPe.UI.Shared.csproj", "{FDA90D6E-F102-4BD0-BC87-867E391BCAD1}"
EndProject
Global
	GlobalSection(SolutionConfigurationPlatforms) = preSolution
		Debug|Any CPU = Debug|Any CPU
		Release|Any CPU = Release|Any CPU
	EndGlobalSection
	GlobalSection(ProjectConfigurationPlatforms) = postSolution
		{F5ECB14F-1394-4EF8-A276-A00553E28714}.Debug|Any CPU.ActiveCfg = Debug|Any CPU
		{F5ECB14F-1394-4EF8-A276-A00553E28714}.Debug|Any CPU.Build.0 = Debug|Any CPU
		{F5ECB14F-1394-4EF8-A276-A00553E28714}.Release|Any CPU.ActiveCfg = Release|Any CPU
		{F5ECB14F-1394-4EF8-A276-A00553E28714}.Release|Any CPU.Build.0 = Release|Any CPU
		{912220C4-45EB-47A4-A104-152F0815BF43}.Debug|Any CPU.ActiveCfg = Debug|Any CPU
		{912220C4-45EB-47A4-A104-152F0815BF43}.Debug|Any CPU.Build.0 = Debug|Any CPU
		{912220C4-45EB-47A4-A104-152F0815BF43}.Release|Any CPU.ActiveCfg = Release|Any CPU
		{912220C4-45EB-47A4-A104-152F0815BF43}.Release|Any CPU.Build.0 = Release|Any CPU
		{258AA0B5-8A34-4B90-8813-FCD1C7424B0E}.Debug|Any CPU.ActiveCfg = Debug|Any CPU
		{258AA0B5-8A34-4B90-8813-FCD1C7424B0E}.Debug|Any CPU.Build.0 = Debug|Any CPU
		{258AA0B5-8A34-4B90-8813-FCD1C7424B0E}.Release|Any CPU.ActiveCfg = Release|Any CPU
		{258AA0B5-8A34-4B90-8813-FCD1C7424B0E}.Release|Any CPU.Build.0 = Release|Any CPU
		{10D59F0F-4589-4133-A061-D91CFE018152}.Debug|Any CPU.ActiveCfg = Debug|Any CPU
		{10D59F0F-4589-4133-A061-D91CFE018152}.Debug|Any CPU.Build.0 = Debug|Any CPU
		{10D59F0F-4589-4133-A061-D91CFE018152}.Release|Any CPU.ActiveCfg = Release|Any CPU
		{10D59F0F-4589-4133-A061-D91CFE018152}.Release|Any CPU.Build.0 = Release|Any CPU
		{0CA957EC-DD56-4E4B-B081-FF91F77FB511}.Debug|Any CPU.ActiveCfg = Debug|Any CPU
		{0CA957EC-DD56-4E4B-B081-FF91F77FB511}.Debug|Any CPU.Build.0 = Debug|Any CPU
		{0CA957EC-DD56-4E4B-B081-FF91F77FB511}.Release|Any CPU.ActiveCfg = Release|Any CPU
		{0CA957EC-DD56-4E4B-B081-FF91F77FB511}.Release|Any CPU.Build.0 = Release|Any CPU
		{FDA90D6E-F102-4BD0-BC87-867E391BCAD1}.Debug|Any CPU.ActiveCfg = Debug|Any CPU
		{FDA90D6E-F102-4BD0-BC87-867E391BCAD1}.Debug|Any CPU.Build.0 = Debug|Any CPU
		{FDA90D6E-F102-4BD0-BC87-867E391BCAD1}.Release|Any CPU.ActiveCfg = Release|Any CPU
		{FDA90D6E-F102-4BD0-BC87-867E391BCAD1}.Release|Any CPU.Build.0 = Release|Any CPU
	EndGlobalSection
	GlobalSection(SolutionProperties) = preSolution
		HideSolutionNode = FALSE
	EndGlobalSection
	GlobalSection(NestedProjects) = preSolution
		{A0A1B29A-2DC2-43FB-9805-8F928436A31C} = {675717D9-136E-4D9B-821E-6F3816FBCAA1}
		{2A7E50AF-7A8E-4345-8DE8-1F893162181F} = {675717D9-136E-4D9B-821E-6F3816FBCAA1}
		{F5ECB14F-1394-4EF8-A276-A00553E28714} = {A0A1B29A-2DC2-43FB-9805-8F928436A31C}
		{912220C4-45EB-47A4-A104-152F0815BF43} = {A0A1B29A-2DC2-43FB-9805-8F928436A31C}
		{258AA0B5-8A34-4B90-8813-FCD1C7424B0E} = {A0A1B29A-2DC2-43FB-9805-8F928436A31C}
		{10D59F0F-4589-4133-A061-D91CFE018152} = {2A7E50AF-7A8E-4345-8DE8-1F893162181F}
		{0CA957EC-DD56-4E4B-B081-FF91F77FB511} = {2A7E50AF-7A8E-4345-8DE8-1F893162181F}
		{FDA90D6E-F102-4BD0-BC87-867E391BCAD1} = {2A7E50AF-7A8E-4345-8DE8-1F893162181F}
	EndGlobalSection
	GlobalSection(ExtensibilityGlobals) = postSolution
		SolutionGuid = {507A44C0-303D-4278-942C-094E75179BF0}
	EndGlobalSection
EndGlobal
